<?xml version="1.0" encoding="utf-8"?>
<Project xmlns="http://schemas.microsoft.com/developer/msbuild/2003" ToolsVersion="4.0">
  <ItemGroup>
    <Filter Include="Source Files">
      <UniqueIdentifier>{4FC737F1-C7A5-4376-A066-2A32D752A2FF}</UniqueIdentifier>
      <Extensions>cpp;c;cc;cxx;def;odl;idl;hpj;bat;asm;asmx</Extensions>
    </Filter>
    <Filter Include="Resource Files">
      <UniqueIdentifier>{67DA6AB6-F800-4c08-8B7A-83BB121AAD01}</UniqueIdentifier>
      <Extensions>rc;ico;cur;bmp;dlg;rc2;rct;bin;rgs;gif;jpg;jpeg;jpe;resx;tiff;tif;png;wav;mfcribbon-ms</Extensions>
    </Filter>
    <Filter Include="Source Files\imgui">
      <UniqueIdentifier>{64a47a5c-7f70-4bb2-b587-071bc20c20ac}</UniqueIdentifier>
    </Filter>
    <Filter Include="Source Files\verilator">
      <UniqueIdentifier>{173cc91f-b2b7-4505-81f1-6cd0a6996694}</UniqueIdentifier>
    </Filter>
    <Filter Include="Source Files\Vsimtop">
      <UniqueIdentifier>{34b1dc6b-c0ee-4fd5-8894-c181530bc1cb}</UniqueIdentifier>
    </Filter>
    <Filter Include="Source Files\EasyBMP">
      <UniqueIdentifier>{68f5bc04-a11f-48c2-ae78-546ee918a533}</UniqueIdentifier>
    </Filter>
  </ItemGroup>
  <ItemGroup>
    <ClCompile Include="..\EasyBMP.cpp">
      <Filter>Source Files\EasyBMP</Filter>
    </ClCompile>
    <ClCompile Include="c:\linux_temp\imgui\imgui.cpp">
      <Filter>Source Files\imgui</Filter>
    </ClCompile>
    <ClCompile Include="c:\linux_temp\imgui\imgui_demo.cpp">
      <Filter>Source Files\imgui</Filter>
    </ClCompile>
    <ClCompile Include="c:\linux_temp\imgui\imgui_draw.cpp">
      <Filter>Source Files\imgui</Filter>
    </ClCompile>
    <ClCompile Include="c:\linux_temp\imgui\backends\imgui_impl_dx11.cpp">
      <Filter>Source Files\imgui</Filter>
    </ClCompile>
    <ClCompile Include="c:\linux_temp\imgui\backends\imgui_impl_win32.cpp">
      <Filter>Source Files\imgui</Filter>
    </ClCompile>
    <ClCompile Include="c:\linux_temp\imgui\imgui_tables.cpp">
      <Filter>Source Files\imgui</Filter>
    </ClCompile>
    <ClCompile Include="c:\linux_temp\imgui\imgui_widgets.cpp">
      <Filter>Source Files\imgui</Filter>
    </ClCompile>
    <ClCompile Include="c:\linux_temp\verilator\include\verilated.cpp">
      <Filter>Source Files\verilator</Filter>
    </ClCompile>
    <ClCompile Include="c:\linux_temp\verilator\include\verilated_threads.cpp">
      <Filter>Source Files\verilator</Filter>
    </ClCompile>
    <ClCompile Include="c:\linux_temp\verilator\include\verilated_timing.cpp">
      <Filter>Source Files\verilator</Filter>
    </ClCompile>
    <ClCompile Include="..\sim_main.cpp">
      <Filter>Source Files</Filter>
    </ClCompile>
  </ItemGroup>
  <ItemGroup>
    <ClInclude Include="c:\linux_temp\imgui\imconfig.h">
      <Filter>Source Files\imgui</Filter>
    </ClInclude>
    <ClInclude Include="c:\linux_temp\imgui\imgui.h">
      <Filter>Source Files\imgui</Filter>
    </ClInclude>
    <ClInclude Include="c:\linux_temp\imgui\backends\imgui_impl_dx11.h">
      <Filter>Source Files\imgui</Filter>
    </ClInclude>
    <ClInclude Include="c:\linux_temp\imgui\backends\imgui_impl_win32.h">
      <Filter>Source Files\imgui</Filter>
    </ClInclude>
    <ClInclude Include="c:\linux_temp\imgui\imgui_internal.h">
      <Filter>Source Files\imgui</Filter>
    </ClInclude>
    <ClInclude Include="c:\linux_temp\imgui\imgui_memory_editor.h">
      <Filter>Source Files\imgui</Filter>
    </ClInclude>
    <ClInclude Include="c:\linux_temp\imgui\imstb_rectpack.h">
      <Filter>Source Files\imgui</Filter>
    </ClInclude>
    <ClInclude Include="c:\linux_temp\imgui\imstb_textedit.h">
      <Filter>Source Files\imgui</Filter>
    </ClInclude>
    <ClInclude Include="c:\linux_temp\imgui\imstb_truetype.h">
      <Filter>Source Files\imgui</Filter>
    </ClInclude>
    <ClInclude Include="C:\linux_temp\DC_MiSTer\sim_fpgadc\EasyBMP.h">
      <Filter>Source Files\EasyBMP</Filter>
    </ClInclude>
    <ClInclude Include="C:\linux_temp\DC_MiSTer\sim_fpgadc\EasyBMP_BMP.h">
      <Filter>Source Files\EasyBMP</Filter>
    </ClInclude>
    <ClInclude Include="C:\linux_temp\DC_MiSTer\sim_fpgadc\EasyBMP_DataStructures.h">
      <Filter>Source Files\EasyBMP</Filter>
    </ClInclude>
    <ClInclude Include="C:\linux_temp\DC_MiSTer\sim_fpgadc\EasyBMP_VariousBMPutilities.h">
      <Filter>Source Files\EasyBMP</Filter>
    </ClInclude>
    <ClInclude Include="c:\linux_temp\verilator\include\verilated.h">
      <Filter>Source Files\verilator</Filter>
    </ClInclude>
    <ClInclude Include="c:\linux_temp\verilator\include\verilated_config.h">
      <Filter>Source Files\verilator</Filter>
    </ClInclude>
    <ClInclude Include="c:\linux_temp\verilator\include\verilated_fst_sc.h">
      <Filter>Source Files\verilator</Filter>
    </ClInclude>
    <ClInclude Include="c:\linux_temp\verilator\include\verilated_funcs.h">
      <Filter>Source Files\verilator</Filter>
    </ClInclude>
    <ClInclude Include="c:\linux_temp\verilator\include\verilated_imp.h">
      <Filter>Source Files\verilator</Filter>
    </ClInclude>
    <ClInclude Include="c:\linux_temp\verilator\include\verilated_intrinsics.h">
      <Filter>Source Files\verilator</Filter>
    </ClInclude>
    <ClInclude Include="c:\linux_temp\verilator\include\verilated_sc.h">
      <Filter>Source Files\verilator</Filter>
    </ClInclude>
    <ClInclude Include="c:\linux_temp\verilator\include\verilated_sym_props.h">
      <Filter>Source Files\verilator</Filter>
    </ClInclude>
    <ClInclude Include="c:\linux_temp\verilator\include\verilated_syms.h">
      <Filter>Source Files\verilator</Filter>
    </ClInclude>
    <ClInclude Include="c:\linux_temp\verilator\include\verilated_threads.h">
      <Filter>Source Files\verilator</Filter>
    </ClInclude>
    <ClInclude Include="c:\linux_temp\verilator\include\verilated_timing.h">
      <Filter>Source Files\verilator</Filter>
    </ClInclude>
    <ClInclude Include="c:\linux_temp\verilator\include\verilated_trace.h">
      <Filter>Source Files\verilator</Filter>
    </ClInclude>
    <ClInclude Include="c:\linux_temp\verilator\include\verilated_trace_imp.h">
      <Filter>Source Files\verilator</Filter>
    </ClInclude>
    <ClInclude Include="c:\linux_temp\verilator\include\verilated_types.h">
      <Filter>Source Files\verilator</Filter>
    </ClInclude>
    <ClInclude Include="c:\linux_temp\verilator\include\verilatedos.h">
      <Filter>Source Files\verilator</Filter>
    </ClInclude>
  </ItemGroup>
  <ItemGroup>
    <ClCompile Include="..\out\obj_dir\Vsimtop.cpp">
      <Filter>Source Files\Vsimtop</Filter>
    </ClCompile>
    <ClCompile Include="..\out\obj_dir\Vsimtop__ConstPool_0.cpp">
      <Filter>Source Files\Vsimtop</Filter>
    </ClCompile>
    <ClCompile Include="..\out\obj_dir\Vsimtop__Syms.cpp">
      <Filter>Source Files\Vsimtop</Filter>
    </ClCompile>
    <ClCompile Include="..\out\obj_dir\Vsimtop___024root__DepSet_h305f3046__0.cpp">
      <Filter>Source Files\Vsimtop</Filter>
    </ClCompile>
    <ClCompile Include="..\out\obj_dir\Vsimtop___024root__DepSet_h305f3046__0__Slow.cpp">
      <Filter>Source Files\Vsimtop</Filter>
    </ClCompile>
    <ClCompile Include="..\out\obj_dir\Vsimtop___024root__DepSet_h3a8afb71__0.cpp">
      <Filter>Source Files\Vsimtop</Filter>
    </ClCompile>
    <ClCompile Include="..\out\obj_dir\Vsimtop___024root__DepSet_h3a8afb71__0__Slow.cpp">
      <Filter>Source Files\Vsimtop</Filter>
    </ClCompile>
    <ClCompile Include="..\out\obj_dir\Vsimtop___024root__DepSet_h3a8afb71__1.cpp">
      <Filter>Source Files\Vsimtop</Filter>
    </ClCompile>
    <ClCompile Include="..\out\obj_dir\Vsimtop___024root__Slow.cpp">
      <Filter>Source Files\Vsimtop</Filter>
    </ClCompile>
    <ClCompile Include="..\out\obj_dir\Vsimtop___024unit__DepSet_h7e859b80__0__Slow.cpp">
      <Filter>Source Files\Vsimtop</Filter>
    </ClCompile>
    <ClCompile Include="..\out\obj_dir\Vsimtop___024unit__Slow.cpp">
      <Filter>Source Files\Vsimtop</Filter>
    </ClCompile>
    <ClCompile Include="..\out\obj_dir\Vsimtop_param_buffer__Ez1_EBz1_ECz1__DepSet_h33a7dd7b__0__Slow.cpp">
      <Filter>Source Files\Vsimtop</Filter>
    </ClCompile>
    <ClCompile Include="..\out\obj_dir\Vsimtop_param_buffer__Ez1_EBz1_ECz1__DepSet_h37324824__0.cpp">
      <Filter>Source Files\Vsimtop</Filter>
    </ClCompile>
    <ClCompile Include="..\out\obj_dir\Vsimtop_param_buffer__Ez1_EBz1_ECz1__DepSet_h37324824__0__Slow.cpp">
      <Filter>Source Files\Vsimtop</Filter>
    </ClCompile>
    <ClCompile Include="..\out\obj_dir\Vsimtop_param_buffer__Ez1_EBz1_ECz1__Slow.cpp">
      <Filter>Source Files\Vsimtop</Filter>
    </ClCompile>
    <ClCompile Include="..\out\obj_dir\Vsimtop_z_buff__Ez1__DepSet_h0058d5db__0.cpp">
      <Filter>Source Files\Vsimtop</Filter>
    </ClCompile>
    <ClCompile Include="..\out\obj_dir\Vsimtop_z_buff__Ez1__DepSet_h0058d5db__0__Slow.cpp">
      <Filter>Source Files\Vsimtop</Filter>
    </ClCompile>
    <ClCompile Include="..\out\obj_dir\Vsimtop_z_buff__Ez1__DepSet_hea814184__0.cpp">
      <Filter>Source Files\Vsimtop</Filter>
    </ClCompile>
    <ClCompile Include="..\out\obj_dir\Vsimtop_z_buff__Ez1__DepSet_hea814184__0__Slow.cpp">
      <Filter>Source Files\Vsimtop</Filter>
    </ClCompile>
    <ClCompile Include="..\out\obj_dir\Vsimtop_z_buff__Ez1__Slow.cpp">
      <Filter>Source Files\Vsimtop</Filter>
    </ClCompile>
  </ItemGroup>
  <ItemGroup>
    <ClInclude Include="..\out\obj_dir\Vsimtop.h">
      <Filter>Source Files\Vsimtop</Filter>
    </ClInclude>
    <ClInclude Include="..\out\obj_dir\Vsimtop__Syms.h">
      <Filter>Source Files\Vsimtop</Filter>
    </ClInclude>
    <ClInclude Include="..\out\obj_dir\Vsimtop___024root.h">
      <Filter>Source Files\Vsimtop</Filter>
    </ClInclude>
    <ClInclude Include="..\out\obj_dir\Vsimtop___024unit.h">
      <Filter>Source Files\Vsimtop</Filter>
    </ClInclude>
    <ClInclude Include="..\out\obj_dir\Vsimtop__pch.h">
      <Filter>Source Files\Vsimtop</Filter>
    </ClInclude>
    <ClInclude Include="..\out\obj_dir\Vsimtop_param_buffer__Ez1_EBz1_ECz1.h">
      <Filter>Source Files\Vsimtop</Filter>
    </ClInclude>
    <ClInclude Include="..\out\obj_dir\Vsimtop_z_buff__Ez1.h">
      <Filter>Source Files\Vsimtop</Filter>
    </ClInclude>
  </ItemGroup>
</Project>